# generated by rye
# use `rye lock` or `rye sync` to update this lockfile
#
# last locked with the following flags:
#   pre: false
#   features: []
#   all-features: false
#   with-sources: false
#   generate-hashes: false

-e file:.
certifi==2024.2.2
    # via requests
charset-normalizer==3.3.2
    # via requests
dataclasses==0.6
    # via earningscall
dataclasses-json==0.6.6
    # via earningscall
idna==3.7
    # via requests
iniconfig==2.0.0
    # via pytest
marshmallow==3.21.2
    # via dataclasses-json
more-itertools==10.2.0
    # via earningscall
mypy-extensions==1.0.0
    # via typing-inspect
packaging==24.0
    # via marshmallow
    # via pytest
pluggy==1.5.0
    # via pytest
pytest==8.2.1
pyyaml==6.0.1
    # via responses
requests==2.32.2
    # via earningscall
    # via responses
responses==0.25.0
typing-extensions==4.12.0
    # via typing-inspect
typing-inspect==0.9.0
    # via dataclasses-json
urllib3==2.2.1
    # via requests
    # via responses
